
Microsoft Visual Studio Solution File, Format Version 12.00
# Visual Studio Version 17
VisualStudioVersion = 17.0.31903.59
MinimumVisualStudioVersion = 10.0.40219.1
Project("{FAE04EC0-301F-11D3-BF4B-00C04F79EFBC}") = "CSharp1_zaverecny_projekt_Trida_Studentu", "CSharp1_zaverecny_projekt_Trida_Studentu\CSharp1_zaverecny_projekt_Trida_Studentu.csproj", "{AE6105FA-AA76-4BA5-8EC1-008B07C6B3EA}"
EndProject
Global
	GlobalSection(SolutionConfigurationPlatforms) = preSolution
		Debug|Any CPU = Debug|Any CPU
		Release|Any CPU = Release|Any CPU
	EndGlobalSection
	GlobalSection(SolutionProperties) = preSolution
		HideSolutionNode = FALSE
	EndGlobalSection
	GlobalSection(ProjectConfigurationPlatforms) = postSolution
		{AE6105FA-AA76-4BA5-8EC1-008B07C6B3EA}.Debug|Any CPU.ActiveCfg = Debug|Any CPU
		{AE6105FA-AA76-4BA5-8EC1-008B07C6B3EA}.Debug|Any CPU.Build.0 = Debug|Any CPU
		{AE6105FA-AA76-4BA5-8EC1-008B07C6B3EA}.Release|Any CPU.ActiveCfg = Release|Any CPU
		{AE6105FA-AA76-4BA5-8EC1-008B07C6B3EA}.Release|Any CPU.Build.0 = Release|Any CPU
	EndGlobalSection
EndGlobal
